{
  "version": 4,
  "terraform_version": "1.8.4",
  "serial": 260,
  "lineage": "45ad8e27-2ae2-a6e1-0932-dd5991119510",
  "outputs": {
    "application_log_id": {
      "value": "ocid1.log.oc1.eu-frankfurt-1.amaaaaaattkvkkiadgkdpjqkkadtspvde4yrq7moee6kyudf5evxsvqyleza",
      "type": "string"
    },
    "container_instance_console_url": {
      "value": "https://cloud.oracle.com/compute/container-instances/ocid1.computecontainerinstance.oc1.eu-frankfurt-1.antheljrttkvkkiajhdwlqmfg5bwrjnap3xjekfnotvqpn3c2tdlzgp7qe6q?region=eu-frankfurt-1",
      "type": "string"
    },
    "container_instance_dynamic_group_id": {
      "value": "ocid1.dynamicgroup.oc1..aaaaaaaaqswmk6bi5hkxto3fh6zvykyqtfvprl7np7f4cyexldmx5xq7kmzq",
      "type": "string"
    },
    "container_instance_id": {
      "value": "ocid1.computecontainerinstance.oc1.eu-frankfurt-1.antheljrttkvkkiajhdwlqmfg5bwrjnap3xjekfnotvqpn3c2tdlzgp7qe6q",
      "type": "string"
    },
    "container_instance_name": {
      "value": "monitoring-demo",
      "type": "string"
    },
    "container_instance_state": {
      "value": "ACTIVE",
      "type": "string"
    },
    "container_nsg_id": {
      "value": "ocid1.networksecuritygroup.oc1.eu-frankfurt-1.aaaaaaaaj3vsxzjv7yvtknjlcbamz4div7gmpmqajcgomv3a4xsfickiolqa",
      "type": "string"
    },
    "container_nsg_name": {
      "value": "monitoring-demo-container-nsg",
      "type": "string"
    },
    "container_private_ip": {
      "value": "10.0.0.94",
      "type": "string"
    },
    "container_public_ip": {
      "value": "92.5.6.131",
      "type": "string"
    },
    "deployment_summary": {
      "value": {
        "alarms": null,
        "container_instance": {
          "id": "ocid1.computecontainerinstance.oc1.eu-frankfurt-1.antheljrttkvkkiajhdwlqmfg5bwrjnap3xjekfnotvqpn3c2tdlzgp7qe6q",
          "name": "monitoring-demo",
          "private_ip": "10.0.0.94",
          "public_ip": "92.5.6.131",
          "state": "ACTIVE"
        },
        "logging": {
          "application_log": "ocid1.log.oc1.eu-frankfurt-1.amaaaaaattkvkkiadgkdpjqkkadtspvde4yrq7moee6kyudf5evxsvqyleza",
          "log_group_id": "ocid1.loggroup.oc1.eu-frankfurt-1.amaaaaaattkvkkianiwrcv2rrdnwb3bclqktsx2h3nsvheysdlcqxosyms7a",
          "system_log": "ocid1.log.oc1.eu-frankfurt-1.amaaaaaattkvkkiaj2bzfffqumflygndwk447ubrtrncbvdvncn3y2g3eqwa"
        },
        "management_agent": {
          "config_files_path": "./output",
          "install_key_id": "ocid1.managementagentinstallkey.oc1.eu-frankfurt-1.amaaaaaattkvkkiaj5m46hpfrg2yiet343g3jjzo4dycglf2hlksueqp4ska",
          "log_forwarder_image": "fra.ocir.io/frxfz3gch4zb/oci-monitoring/log-forwarder-sidecar:1.0.0",
          "log_forwarder_sidecar": true,
          "mgmt_agent_image": "fra.ocir.io/frxfz3gch4zb/oci-monitoring/mgmt-agent-sidecar:1.0.0",
          "prometheus_image": "fra.ocir.io/frxfz3gch4zb/oci-monitoring/prometheus-sidecar:1.0.0",
          "prometheus_sidecar": true,
          "sidecar_architecture": true
        },
        "network_security": {
          "allowed_ports": "80, 443, 8080, 9090, 9100, 9113, 9115, 9104, 9121, 9187",
          "detected_ip": "141.85.150.211/32",
          "nsg_id": "ocid1.networksecuritygroup.oc1.eu-frankfurt-1.aaaaaaaaj3vsxzjv7yvtknjlcbamz4div7gmpmqajcgomv3a4xsfickiolqa",
          "nsg_name": "monitoring-demo-container-nsg"
        }
      },
      "type": [
        "object",
        {
          "alarms": [
            "object",
            {
              "cpu_alarm": "dynamic",
              "memory_alarm": "dynamic"
            }
          ],
          "container_instance": [
            "object",
            {
              "id": "string",
              "name": "string",
              "private_ip": "string",
              "public_ip": "string",
              "state": "string"
            }
          ],
          "logging": [
            "object",
            {
              "application_log": "string",
              "log_group_id": "string",
              "system_log": "string"
            }
          ],
          "management_agent": [
            "object",
            {
              "config_files_path": "string",
              "install_key_id": "string",
              "log_forwarder_image": "string",
              "log_forwarder_sidecar": "bool",
              "mgmt_agent_image": "string",
              "prometheus_image": "string",
              "prometheus_sidecar": "bool",
              "sidecar_architecture": "bool"
            }
          ],
          "network_security": [
            "object",
            {
              "allowed_ports": "string",
              "detected_ip": "string",
              "nsg_id": "string",
              "nsg_name": "string"
            }
          ]
        }
      ]
    },
    "detected_ip_address": {
      "value": "82.77.116.29/32",
      "type": "string"
    },
    "log_group_id": {
      "value": "ocid1.loggroup.oc1.eu-frankfurt-1.amaaaaaattkvkkianiwrcv2rrdnwb3bclqktsx2h3nsvheysdlcqxosyms7a",
      "type": "string"
    },
    "log_group_name": {
      "value": "container-instance-logs",
      "type": "string"
    },
    "logs_console_url": {
      "value": "https://cloud.oracle.com/logging/log-groups/ocid1.loggroup.oc1.eu-frankfurt-1.amaaaaaattkvkkianiwrcv2rrdnwb3bclqktsx2h3nsvheysdlcqxosyms7a?region=eu-frankfurt-1",
      "type": "string"
    },
    "monitoring_console_url": {
      "value": "https://cloud.oracle.com/monitoring/alarms?region=eu-frankfurt-1\u0026compartmentId=ocid1.compartment.oc1..aaaaaaaagy3yddkkampnhj3cqm5ar7w2p7tuq5twbojyycvol6wugfav3ckq",
      "type": "string"
    },
    "system_log_id": {
      "value": "ocid1.log.oc1.eu-frankfurt-1.amaaaaaattkvkkiaj2bzfffqumflygndwk447ubrtrncbvdvncn3y2g3eqwa",
      "type": "string"
    }
  },
  "resources": [
    {
      "mode": "data",
      "type": "http",
      "name": "my_ip",
      "provider": "provider[\"registry.terraform.io/hashicorp/http\"]",
      "instances": [
        {
          "schema_version": 0,
          "attributes": {
            "body": "82.77.116.29",
            "ca_cert_pem": null,
            "client_cert_pem": null,
            "client_key_pem": null,
            "id": "https://ifconfig.me/ip",
            "insecure": null,
            "method": null,
            "request_body": null,
            "request_headers": null,
            "request_timeout_ms": null,
            "response_body": "82.77.116.29",
            "response_body_base64": "ODIuNzcuMTE2LjI5",
            "response_headers": {
              "Access-Control-Allow-Origin": "*",
              "Alt-Svc": "h3=\":443\"; ma=2592000,h3-29=\":443\"; ma=2592000",
              "Content-Length": "12",
              "Content-Type": "text/plain",
              "Date": "Wed, 05 Nov 2025 08:08:25 GMT",
              "Via": "1.1 google"
            },
            "retry": null,
            "status_code": 200,
            "url": "https://ifconfig.me/ip"
          },
          "sensitive_attributes": []
        }
      ]
    },
    {
      "module": "module.container_instance",
      "mode": "data",
      "type": "oci_identity_availability_domains",
      "name": "ads",
      "provider": "provider[\"registry.terraform.io/hashicorp/oci\"]",
      "instances": [
        {
          "schema_version": 0,
          "attributes": {
            "availability_domains": [
              {
                "compartment_id": "ocid1.tenancy.oc1..aaaaaaaaxzpxbcag7zgamh2erlggqro3y63tvm2rbkkjz4z2zskvagupiz7a",
                "id": "ocid1.availabilitydomain.oc1..aaaaaaaaiifj24st3w4j7cowuo3pmqcuqwjapjv435vtjmgh5j7q3flguwna",
                "name": "NoEK:EU-FRANKFURT-1-AD-1"
              },
              {
                "compartment_id": "ocid1.tenancy.oc1..aaaaaaaaxzpxbcag7zgamh2erlggqro3y63tvm2rbkkjz4z2zskvagupiz7a",
                "id": "ocid1.availabilitydomain.oc1..aaaaaaaalcdcbl7u6akbmkojxhrozpj2v7yavqqydkj3ytyjbt47lnoqnm2q",
                "name": "NoEK:EU-FRANKFURT-1-AD-2"
              },
              {
                "compartment_id": "ocid1.tenancy.oc1..aaaaaaaaxzpxbcag7zgamh2erlggqro3y63tvm2rbkkjz4z2zskvagupiz7a",
                "id": "ocid1.availabilitydomain.oc1..aaaaaaaaa2artt5wizbqvwl3rgptylx2l7jqbnyv4dygcfvlrd3dphvi3mdq",
                "name": "NoEK:EU-FRANKFURT-1-AD-3"
              }
            ],
            "compartment_id": "ocid1.tenancy.oc1..aaaaaaaaxzpxbcag7zgamh2erlggqro3y63tvm2rbkkjz4z2zskvagupiz7a",
            "filter": null,
            "id": "IdentityAvailabilityDomainsDataSource-2176573680"
          },
          "sensitive_attributes": []
        }
      ]
    },
    {
      "module": "module.container_instance",
      "mode": "managed",
      "type": "random_password",
      "name": "mgmt_agent_wallet_password",
      "provider": "provider[\"registry.terraform.io/hashicorp/random\"]",
      "instances": [
        {
          "index_key": 0,
          "schema_version": 3,
          "attributes": {
            "bcrypt_hash": "$2a$10$q9cT1GR8UjOKmdiEqBm3H.uJo1YxxY9E2.4a8zIQXMQVS0EKWnF16",
            "id": "none",
            "keepers": null,
            "length": 16,
            "lower": true,
            "min_lower": 0,
            "min_numeric": 0,
            "min_special": 0,
            "min_upper": 0,
            "number": true,
            "numeric": true,
            "override_special": "!@#$%^\u0026*",
            "result": "x7jc0qgJZ#8SW1Kn",
            "special": true,
            "upper": true
          },
          "sensitive_attributes": [
            [
              {
                "type": "get_attr",
                "value": "result"
              }
            ],
            [
              {
                "type": "get_attr",
                "value": "bcrypt_hash"
              }
            ]
          ],
          "dependencies": [
            "data.http.my_ip",
            "module.iam.oci_identity_dynamic_group.container_instance_dg",
            "module.iam.oci_identity_dynamic_group.management_agent_dg",
            "module.iam.oci_identity_policy.container_logging_policy",
            "module.iam.oci_identity_policy.container_resource_policy",
            "module.iam.oci_identity_policy.logging_service_policy",
            "module.iam.oci_identity_policy.mgmt_agent_metrics_policy",
            "module.iam.oci_identity_policy.monitoring_policy",
            "module.management_agent.local_file.agent_config_json",
            "module.management_agent.local_file.agent_install_script",
            "module.management_agent.local_file.prometheus_config",
            "module.management_agent.local_file.service_discovery_config",
            "module.management_agent.oci_management_agent_management_agent_install_key.main",
            "module.management_agent.oci_objectstorage_object.agent_install_script",
            "module.management_agent.oci_objectstorage_object.prometheus_config",
            "module.management_agent.oci_objectstorage_object.service_discovery_config",
            "module.nsg.oci_core_network_security_group.container_nsg",
            "module.nsg.oci_core_network_security_group.monitoring_vm_nsg",
            "module.nsg.oci_core_network_security_group_security_rule.container_egress",
            "module.nsg.oci_core_network_security_group_security_rule.container_ingress",
            "module.nsg.oci_core_network_security_group_security_rule.container_to_vm",
            "module.nsg.oci_core_network_security_group_security_rule.vm_egress",
            "module.nsg.oci_core_network_security_group_security_rule.vm_ingress",
            "module.nsg.oci_core_network_security_group_security_rule.vm_to_container_blackbox_exporter",
            "module.nsg.oci_core_network_security_group_security_rule.vm_to_container_cadvisor",
            "module.nsg.oci_core_network_security_group_security_rule.vm_to_container_mysql_exporter",
            "module.nsg.oci_core_network_security_group_security_rule.vm_to_container_nginx_exporter",
            "module.nsg.oci_core_network_security_group_security_rule.vm_to_container_node_exporter",
            "module.nsg.oci_core_network_security_group_security_rule.vm_to_container_postgres_exporter",
            "module.nsg.oci_core_network_security_group_security_rule.vm_to_container_redis_exporter"
          ]
        }
      ]
    },
    {
      "module": "module.container_instance",
      "mode": "managed",
      "type": "time_sleep",
      "name": "wait_for_container",
      "provider": "provider[\"registry.terraform.io/hashicorp/time\"]",
      "instances": [
        {
          "schema_version": 0,
          "attributes": {
            "create_duration": "30s",
            "destroy_duration": null,
            "id": "2025-10-28T05:58:31Z",
            "triggers": null
          },
          "sensitive_attributes": [],
          "dependencies": [
            "data.http.my_ip",
            "module.container_instance.data.oci_identity_availability_domains.ads",
            "module.container_instance.oci_container_instances_container_instance.main",
            "module.container_instance.random_password.mgmt_agent_wallet_password",
            "module.iam.oci_identity_dynamic_group.container_instance_dg",
            "module.iam.oci_identity_dynamic_group.management_agent_dg",
            "module.iam.oci_identity_policy.container_logging_policy",
            "module.iam.oci_identity_policy.container_resource_policy",
            "module.iam.oci_identity_policy.logging_service_policy",
            "module.iam.oci_identity_policy.mgmt_agent_metrics_policy",
            "module.iam.oci_identity_policy.monitoring_policy",
            "module.logging.data.oci_logging_log_groups.existing",
            "module.logging.oci_logging_log.container_application_log",
            "module.logging.oci_logging_log_group.container_log_group",
            "module.management_agent.local_file.agent_config_json",
            "module.management_agent.local_file.agent_install_script",
            "module.management_agent.local_file.prometheus_config",
            "module.management_agent.local_file.service_discovery_config",
            "module.management_agent.oci_management_agent_management_agent_install_key.main",
            "module.management_agent.oci_objectstorage_object.agent_install_script",
            "module.management_agent.oci_objectstorage_object.prometheus_config",
            "module.management_agent.oci_objectstorage_object.service_discovery_config",
            "module.nsg.oci_core_network_security_group.container_nsg",
            "module.nsg.oci_core_network_security_group.monitoring_vm_nsg",
            "module.nsg.oci_core_network_security_group_security_rule.container_egress",
            "module.nsg.oci_core_network_security_group_security_rule.container_ingress",
            "module.nsg.oci_core_network_security_group_security_rule.container_to_vm",
            "module.nsg.oci_core_network_security_group_security_rule.vm_egress",
            "module.nsg.oci_core_network_security_group_security_rule.vm_ingress",
            "module.nsg.oci_core_network_security_group_security_rule.vm_to_container_blackbox_exporter",
            "module.nsg.oci_core_network_security_group_security_rule.vm_to_container_cadvisor",
            "module.nsg.oci_core_network_security_group_security_rule.vm_to_container_mysql_exporter",
            "module.nsg.oci_core_network_security_group_security_rule.vm_to_container_nginx_exporter",
            "module.nsg.oci_core_network_security_group_security_rule.vm_to_container_node_exporter",
            "module.nsg.oci_core_network_security_group_security_rule.vm_to_container_postgres_exporter",
            "module.nsg.oci_core_network_security_group_security_rule.vm_to_container_redis_exporter"
          ]
        }
      ]
    },
    {
      "module": "module.iam",
      "mode": "managed",
      "type": "oci_identity_dynamic_group",
      "name": "container_instance_dg",
      "provider": "provider[\"registry.terraform.io/hashicorp/oci\"]",
      "instances": [
        {
          "index_key": 0,
          "schema_version": 0,
          "attributes": {
            "compartment_id": "ocid1.tenancy.oc1..aaaaaaaaxzpxbcag7zgamh2erlggqro3y63tvm2rbkkjz4z2zskvagupiz7a",
            "defined_tags": {
              "CCA_Basic_Tag.email": "oracleidentitycloudservice/alexandru.birzu@oracle.com",
              "Oracle_Tags.CreatedBy": "oracleidentitycloudservice/alexandru.birzu@oracle.com",
              "Oracle_Tags.CreatedOn": "2025-10-27T19:59:37.261Z"
            },
            "description": "Dynamic group for container instances to access OCI services",
            "freeform_tags": {
              "Environment": "Development",
              "ManagedBy": "Terraform",
              "Project": "OCI-Container-Monitoring",
              "Terraform": "true"
            },
            "id": "ocid1.dynamicgroup.oc1..aaaaaaaaqswmk6bi5hkxto3fh6zvykyqtfvprl7np7f4cyexldmx5xq7kmzq",
            "inactive_state": null,
            "matching_rule": "ALL {resource.type='computecontainerinstance', resource.compartment.id='ocid1.compartment.oc1..aaaaaaaagy3yddkkampnhj3cqm5ar7w2p7tuq5twbojyycvol6wugfav3ckq'}",
            "name": "monitoring-demo-container-instance-dg",
            "state": "ACTIVE",
            "time_created": "2025-10-27 19:59:37.482 +0000 UTC",
            "timeouts": null
          },
          "sensitive_attributes": [],
          "private": "eyJlMmJmYjczMC1lY2FhLTExZTYtOGY4OC0zNDM2M2JjN2M0YzAiOnsiY3JlYXRlIjoxMjAwMDAwMDAwMDAwLCJkZWxldGUiOjEyMDAwMDAwMDAwMDAsInVwZGF0ZSI6MTIwMDAwMDAwMDAwMH19"
        }
      ]
    },
    {
      "module": "module.iam",
      "mode": "managed",
      "type": "oci_identity_dynamic_group",
      "name": "management_agent_dg",
      "provider": "provider[\"registry.terraform.io/hashicorp/oci\"]",
      "instances": []
    },
    {
      "module": "module.iam",
      "mode": "managed",
      "type": "oci_identity_policy",
      "name": "container_logging_policy",
      "provider": "provider[\"registry.terraform.io/hashicorp/oci\"]",
      "instances": [
        {
          "index_key": 0,
          "schema_version": 0,
          "attributes": {
            "ETag": "21403af2f4f843dcf5d5b8b92a554fc135d5c19b",
            "compartment_id": "ocid1.compartment.oc1..aaaaaaaagy3yddkkampnhj3cqm5ar7w2p7tuq5twbojyycvol6wugfav3ckq",
            "defined_tags": {
              "CCA_Basic_Tag.email": "oracleidentitycloudservice/alexandru.birzu@oracle.com",
              "Oracle-Standard.CostCenter": "Specialists",
              "Oracle_Tags.CreatedBy": "oracleidentitycloudservice/alexandru.birzu@oracle.com",
              "Oracle_Tags.CreatedOn": "2025-10-27T19:59:37.986Z"
            },
            "description": "Policy to allow container instances to write logs",
            "freeform_tags": {
              "Environment": "Development",
              "ManagedBy": "Terraform",
              "Project": "OCI-Container-Monitoring",
              "Terraform": "true"
            },
            "id": "ocid1.policy.oc1..aaaaaaaao6ew2kg4t2el4uvqqublyei7zmjde2lf4t6fsypv6gwldfu63d7a",
            "inactive_state": null,
            "lastUpdateETag": "21403af2f4f843dcf5d5b8b92a554fc135d5c19b",
            "name": "monitoring-demo-container-logging-policy",
            "policyHash": "4cebd627e10d053fc36e35a5649c7cff",
            "state": "ACTIVE",
            "statements": [
              "Allow dynamic-group monitoring-demo-container-instance-dg to manage log-content in compartment id ocid1.compartment.oc1..aaaaaaaagy3yddkkampnhj3cqm5ar7w2p7tuq5twbojyycvol6wugfav3ckq",
              "Allow dynamic-group monitoring-demo-container-instance-dg to use log-groups in compartment id ocid1.compartment.oc1..aaaaaaaagy3yddkkampnhj3cqm5ar7w2p7tuq5twbojyycvol6wugfav3ckq"
            ],
            "time_created": "2025-10-27 19:59:39.249 +0000 UTC",
            "timeouts": null,
            "version_date": null
          },
          "sensitive_attributes": [],
          "private": "eyJlMmJmYjczMC1lY2FhLTExZTYtOGY4OC0zNDM2M2JjN2M0YzAiOnsiY3JlYXRlIjoxMjAwMDAwMDAwMDAwLCJkZWxldGUiOjEyMDAwMDAwMDAwMDAsInVwZGF0ZSI6MTIwMDAwMDAwMDAwMH19",
          "dependencies": [
            "module.iam.oci_identity_dynamic_group.container_instance_dg"
          ]
        }
      ]
    },
    {
      "module": "module.iam",
      "mode": "managed",
      "type": "oci_identity_policy",
      "name": "container_resource_policy",
      "provider": "provider[\"registry.terraform.io/hashicorp/oci\"]",
      "instances": [
        {
          "index_key": 0,
          "schema_version": 0,
          "attributes": {
            "ETag": "07b1272c95459b7ca4db091b182a2181b1385bd8",
            "compartment_id": "ocid1.compartment.oc1..aaaaaaaagy3yddkkampnhj3cqm5ar7w2p7tuq5twbojyycvol6wugfav3ckq",
            "defined_tags": {
              "CCA_Basic_Tag.email": "oracleidentitycloudservice/alexandru.birzu@oracle.com",
              "Oracle-Standard.CostCenter": "Specialists",
              "Oracle_Tags.CreatedBy": "oracleidentitycloudservice/alexandru.birzu@oracle.com",
              "Oracle_Tags.CreatedOn": "2025-10-27T19:59:37.988Z"
            },
            "description": "Policy to allow container instances to access required resources",
            "freeform_tags": {
              "Environment": "Development",
              "ManagedBy": "Terraform",
              "Project": "OCI-Container-Monitoring",
              "Terraform": "true"
            },
            "id": "ocid1.policy.oc1..aaaaaaaa6pr6xlo4qczz6ijixdju77bgbrmpgsjd5yzxlaoovpf2zrcrc34a",
            "inactive_state": null,
            "lastUpdateETag": "07b1272c95459b7ca4db091b182a2181b1385bd8",
            "name": "monitoring-demo-container-resource-policy",
            "policyHash": "445a0eccffb1fd8642d7b6a9abfe9236",
            "state": "ACTIVE",
            "statements": [
              "Allow dynamic-group monitoring-demo-container-instance-dg to read metrics in compartment id ocid1.compartment.oc1..aaaaaaaagy3yddkkampnhj3cqm5ar7w2p7tuq5twbojyycvol6wugfav3ckq",
              "Allow dynamic-group monitoring-demo-container-instance-dg to read all-resources in compartment id ocid1.compartment.oc1..aaaaaaaagy3yddkkampnhj3cqm5ar7w2p7tuq5twbojyycvol6wugfav3ckq"
            ],
            "time_created": "2025-10-27 19:59:41.474 +0000 UTC",
            "timeouts": null,
            "version_date": null
          },
          "sensitive_attributes": [],
          "private": "eyJlMmJmYjczMC1lY2FhLTExZTYtOGY4OC0zNDM2M2JjN2M0YzAiOnsiY3JlYXRlIjoxMjAwMDAwMDAwMDAwLCJkZWxldGUiOjEyMDAwMDAwMDAwMDAsInVwZGF0ZSI6MTIwMDAwMDAwMDAwMH19",
          "dependencies": [
            "module.iam.oci_identity_dynamic_group.container_instance_dg"
          ]
        }
      ]
    },
    {
      "module": "module.iam",
      "mode": "managed",
      "type": "oci_identity_policy",
      "name": "mgmt_agent_metrics_policy",
      "provider": "provider[\"registry.terraform.io/hashicorp/oci\"]",
      "instances": []
    },
    {
      "module": "module.logging[0]",
      "mode": "data",
      "type": "oci_logging_log_groups",
      "name": "existing",
      "provider": "provider[\"registry.terraform.io/hashicorp/oci\"]",
      "instances": [
        {
          "schema_version": 0,
          "attributes": {
            "compartment_id": "ocid1.compartment.oc1..aaaaaaaagy3yddkkampnhj3cqm5ar7w2p7tuq5twbojyycvol6wugfav3ckq",
            "display_name": "container-instance-logs",
            "filter": null,
            "id": "LoggingLogGroupsDataSource-1461385309",
            "is_compartment_id_in_subtree": null,
            "log_groups": [
              {
                "compartment_id": "ocid1.compartment.oc1..aaaaaaaagy3yddkkampnhj3cqm5ar7w2p7tuq5twbojyycvol6wugfav3ckq",
                "defined_tags": {
                  "CCA_Basic_Tag.email": "oracleidentitycloudservice/alexandru.birzu@oracle.com",
                  "Oracle-Standard.CostCenter": "Specialists",
                  "Oracle_Tags.CreatedBy": "oracleidentitycloudservice/alexandru.birzu@oracle.com",
                  "Oracle_Tags.CreatedOn": "2025-11-04T10:55:24.839Z"
                },
                "description": "Log group for container instance logs and monitoring",
                "display_name": "container-instance-logs",
                "freeform_tags": {
                  "Environment": "Development",
                  "ManagedBy": "Terraform",
                  "Project": "OCI-Container-Monitoring",
                  "Terraform": "true"
                },
                "id": "ocid1.loggroup.oc1.eu-frankfurt-1.amaaaaaattkvkkianiwrcv2rrdnwb3bclqktsx2h3nsvheysdlcqxosyms7a",
                "state": "ACTIVE",
                "time_created": "2025-11-04 10:55:24.938 +0000 UTC",
                "time_last_modified": "2025-11-04 10:55:24.938 +0000 UTC"
              }
            ]
          },
          "sensitive_attributes": []
        }
      ]
    },
    {
      "module": "module.logging[0]",
      "mode": "managed",
      "type": "oci_logging_log",
      "name": "container_application_log",
      "provider": "provider[\"registry.terraform.io/hashicorp/oci\"]",
      "instances": []
    },
    {
      "module": "module.logging[0]",
      "mode": "managed",
      "type": "oci_logging_log",
      "name": "container_audit_log",
      "provider": "provider[\"registry.terraform.io/hashicorp/oci\"]",
      "instances": []
    },
    {
      "module": "module.logging[0]",
      "mode": "managed",
      "type": "oci_logging_log",
      "name": "container_system_log",
      "provider": "provider[\"registry.terraform.io/hashicorp/oci\"]",
      "instances": []
    },
    {
      "module": "module.logging[0]",
      "mode": "managed",
      "type": "oci_logging_log_group",
      "name": "container_log_group",
      "provider": "provider[\"registry.terraform.io/hashicorp/oci\"]",
      "instances": [
        {
          "index_key": 0,
          "schema_version": 0,
          "attributes": {
            "compartment_id": "ocid1.compartment.oc1..aaaaaaaagy3yddkkampnhj3cqm5ar7w2p7tuq5twbojyycvol6wugfav3ckq",
            "defined_tags": {
              "CCA_Basic_Tag.email": "oracleidentitycloudservice/alexandru.birzu@oracle.com",
              "Oracle-Standard.CostCenter": "Specialists",
              "Oracle_Tags.CreatedBy": "oracleidentitycloudservice/alexandru.birzu@oracle.com",
              "Oracle_Tags.CreatedOn": "2025-11-04T10:55:24.839Z"
            },
            "description": "Log group for container instance logs and monitoring",
            "display_name": "container-instance-logs",
            "freeform_tags": {
              "Environment": "Development",
              "ManagedBy": "Terraform",
              "Project": "OCI-Container-Monitoring",
              "Terraform": "true"
            },
            "id": "ocid1.loggroup.oc1.eu-frankfurt-1.amaaaaaattkvkkianiwrcv2rrdnwb3bclqktsx2h3nsvheysdlcqxosyms7a",
            "state": "ACTIVE",
            "time_created": "2025-11-04 10:55:24.938 +0000 UTC",
            "time_last_modified": "2025-11-04 10:55:24.938 +0000 UTC",
            "timeouts": null
          },
          "sensitive_attributes": [],
          "private": "eyJlMmJmYjczMC1lY2FhLTExZTYtOGY4OC0zNDM2M2JjN2M0YzAiOnsiY3JlYXRlIjoxMjAwMDAwMDAwMDAwLCJkZWxldGUiOjEyMDAwMDAwMDAwMDAsInVwZGF0ZSI6MTIwMDAwMDAwMDAwMH19",
          "dependencies": [
            "module.logging.data.oci_logging_log_groups.existing"
          ]
        }
      ]
    },
    {
      "module": "module.management_agent[0]",
      "mode": "managed",
      "type": "local_file",
      "name": "agent_config_json",
      "provider": "provider[\"registry.terraform.io/hashicorp/local\"]",
      "instances": [
        {
          "schema_version": 0,
          "attributes": {
            "content": "{\"compartment_id\":\"ocid1.compartment.oc1..aaaaaaaagy3yddkkampnhj3cqm5ar7w2p7tuq5twbojyycvol6wugfav3ckq\",\"install_key\":\"Mi4wLGV1LWZyYW5rZnVydC0xLG9jaWQxLnRlbmFuY3kub2MxLi5hYWFhYWFhYXh6cHhiY2FnN3pnYW1oMmVybGdncXJvM3k2M3R2bTJyYmtrano0ejJ6c2t2YWd1cGl6N2Esb2NpZDEubWFuYWdlbWVudGFnZW50aW5zdGFsbGtleS5vYzEuZXUtZnJhbmtmdXJ0LTEuYW1hYWFhYWF0dGt2a2tpYWo1bTQ2aHBmcmcyeWlldDM0M2czamp6bzRkeWNnbGYyaGxrc3VlcXA0c2thLElsT2EzMUM5dUJ6VjdJWWdrNEE0UkhfVTRTZTJiZmdHRm1hSktWS0Q=\",\"install_key_id\":\"ocid1.managementagentinstallkey.oc1.eu-frankfurt-1.amaaaaaattkvkkiaj5m46hpfrg2yiet343g3jjzo4dycglf2hlksueqp4ska\",\"metrics_namespace\":\"container_monitoring\",\"prometheus_config\":{\"metrics_path\":\"/metrics\",\"scrape_interval\":\"60s\",\"scrape_timeout\":\"10s\",\"targets\":[]}}",
            "content_base64": null,
            "content_base64sha256": "FZNUEyrt8+Cb7h7jm6jv+iOhgr72BZtwHNY4cjrNkxo=",
            "content_base64sha512": "8MDNc4+YmhNF89UaZc6uthnHb6IU+fVIrHwSh5LBKTknky6LozTEzUDMZYxcx9W95bmHwQyKehqL8kbZv7ue3g==",
            "content_md5": "c736186235259434c9e70e183782d36c",
            "content_sha1": "3250f611fd8479833f4f321ce5e38f696d0e0c67",
            "content_sha256": "159354132aedf3e09bee1ee39ba8effa23a182bef6059b701cd638723acd931a",
            "content_sha512": "f0c0cd738f989a1345f3d51a65ceaeb619c76fa214f9f548ac7c128792c1293927932e8ba334c4cd40cc658c5cc7d5bde5b987c10c8a7a1a8bf246d9bfbb9ede",
            "directory_permission": "0777",
            "file_permission": "0644",
            "filename": "./output/agent-config.json",
            "id": "3250f611fd8479833f4f321ce5e38f696d0e0c67",
            "sensitive_content": null,
            "source": null
          },
          "sensitive_attributes": [
            [
              {
                "type": "get_attr",
                "value": "sensitive_content"
              }
            ]
          ],
          "dependencies": [
            "module.iam.oci_identity_dynamic_group.container_instance_dg",
            "module.iam.oci_identity_dynamic_group.management_agent_dg",
            "module.iam.oci_identity_policy.container_logging_policy",
            "module.iam.oci_identity_policy.container_resource_policy",
            "module.iam.oci_identity_policy.logging_service_policy",
            "module.iam.oci_identity_policy.mgmt_agent_metrics_policy",
            "module.iam.oci_identity_policy.monitoring_policy",
            "module.management_agent.oci_management_agent_management_agent_install_key.main"
          ]
        }
      ]
    },
    {
      "module": "module.management_agent[0]",
      "mode": "managed",
      "type": "local_file",
      "name": "agent_install_script",
      "provider": "provider[\"registry.terraform.io/hashicorp/local\"]",
      "instances": [
        {
          "schema_version": 0,
          "attributes": {
            "content": "#!/bin/bash\n#######################################\n# OCI Management Agent Installation Script\n# Auto-generated by Terraform\n#######################################\n\nset -e\n\n# Configuration\nINSTALL_KEY=\"Mi4wLGV1LWZyYW5rZnVydC0xLG9jaWQxLnRlbmFuY3kub2MxLi5hYWFhYWFhYXh6cHhiY2FnN3pnYW1oMmVybGdncXJvM3k2M3R2bTJyYmtrano0ejJ6c2t2YWd1cGl6N2Esb2NpZDEubWFuYWdlbWVudGFnZW50aW5zdGFsbGtleS5vYzEuZXUtZnJhbmtmdXJ0LTEuYW1hYWFhYWF0dGt2a2tpYWo1bTQ2aHBmcmcyeWlldDM0M2czamp6bzRkeWNnbGYyaGxrc3VlcXA0c2thLElsT2EzMUM5dUJ6VjdJWWdrNEE0UkhfVTRTZTJiZmdHRm1hSktWS0Q=\"\nREGION=\"eu-frankfurt-1\"\nCOMPARTMENT_OCID=\"ocid1.compartment.oc1..aaaaaaaagy3yddkkampnhj3cqm5ar7w2p7tuq5twbojyycvol6wugfav3ckq\"\nAGENT_VERSION=\"latest\"\nINSTALL_DIR=\"/opt/oracle/mgmt_agent\"\n\n# Colors for output\nRED='\\033[0;31m'\nGREEN='\\033[0;32m'\nYELLOW='\\033[1;33m'\nNC='\\033[0m' # No Color\n\necho -e \"${GREEN}===========================================\\033[0m\"\necho -e \"${GREEN}OCI Management Agent Installation\\033[0m\"\necho -e \"${GREEN}===========================================\\033[0m\"\n\n# Check if running as root\nif [ \"$EUID\" -ne 0 ]; then\n    echo -e \"${RED}Error: This script must be run as root\\033[0m\"\n    exit 1\nfi\n\n# Detect OS\nif [ -f /etc/os-release ]; then\n    . /etc/os-release\n    OS=$ID\n    OS_VERSION=$VERSION_ID\nelse\n    echo -e \"${RED}Error: Cannot detect OS\\033[0m\"\n    exit 1\nfi\n\necho -e \"${GREEN}Detected OS: $OS $OS_VERSION\\033[0m\"\n\n# Create installation directory\nmkdir -p \"$INSTALL_DIR\"\ncd \"$INSTALL_DIR\"\n\n# Download agent installer based on OS\necho -e \"${YELLOW}Downloading Management Agent installer...\\033[0m\"\n\nif [ \"$OS\" = \"ol\" ] || [ \"$OS\" = \"centos\" ] || [ \"$OS\" = \"rhel\" ]; then\n    # Oracle Linux / RHEL / CentOS\n    INSTALLER_URL=\"https://objectstorage.$REGION.oraclecloud.com/n/idtskf8cjzhp/b/installer/o/Windows/latest/oracle.mgmt_agent.rpm\"\n    INSTALLER_FILE=\"oracle.mgmt_agent.rpm\"\n    INSTALL_CMD=\"rpm -ivh\"\nelif [ \"$OS\" = \"ubuntu\" ] || [ \"$OS\" = \"debian\" ]; then\n    # Ubuntu / Debian\n    INSTALLER_URL=\"https://objectstorage.$REGION.oraclecloud.com/n/idtskf8cjzhp/b/installer/o/Linux/latest/oracle.mgmt_agent.deb\"\n    INSTALLER_FILE=\"oracle.mgmt_agent.deb\"\n    INSTALL_CMD=\"dpkg -i\"\nelse\n    echo -e \"${RED}Error: Unsupported OS: $OS\\033[0m\"\n    exit 1\nfi\n\n# Download installer\nif command -v wget \u0026\u003e /dev/null; then\n    wget -q \"$INSTALLER_URL\" -O \"$INSTALLER_FILE\"\nelif command -v curl \u0026\u003e /dev/null; then\n    curl -s -o \"$INSTALLER_FILE\" \"$INSTALLER_URL\"\nelse\n    echo -e \"${RED}Error: Neither wget nor curl is available\\033[0m\"\n    exit 1\nfi\n\n# Install agent\necho -e \"${YELLOW}Installing Management Agent...\\033[0m\"\n$INSTALL_CMD \"$INSTALLER_FILE\"\n\n# Configure agent\necho -e \"${YELLOW}Configuring Management Agent...\\033[0m\"\n\n# Create input.rsp file\ncat \u003e /tmp/input.rsp \u003c\u003cEOF\nManagementAgentInstallKey=$INSTALL_KEY\nAgentDisplayName=$(hostname)-mgmt-agent\nCredentialWalletPassword=$(openssl rand -base64 32)\nService.plugin.prometheus.download=true\nEOF\n\n# Setup agent\n/opt/oracle/mgmt_agent/agent_inst/bin/setup.sh opts=/tmp/input.rsp\n\n# Start agent service\necho -e \"${YELLOW}Starting Management Agent service...\\033[0m\"\nsystemctl enable mgmt_agent\nsystemctl start mgmt_agent\n\n# Wait for agent to register\necho -e \"${YELLOW}Waiting for agent to register with OCI...\\033[0m\"\nsleep 30\n\n# Check agent status\nif systemctl is-active --quiet mgmt_agent; then\n    echo -e \"${GREEN}Management Agent installed and running successfully!\\033[0m\"\n    systemctl status mgmt_agent --no-pager\nelse\n    echo -e \"${RED}Error: Management Agent failed to start\\033[0m\"\n    systemctl status mgmt_agent --no-pager\n    exit 1\nfi\n\n# Cleanup\nrm -f /tmp/input.rsp\nrm -f \"$INSTALLER_FILE\"\n\necho -e \"${GREEN}===========================================\\033[0m\"\necho -e \"${GREEN}Installation completed successfully!\\033[0m\"\necho -e \"${GREEN}===========================================\\033[0m\"\n",
            "content_base64": null,
            "content_base64sha256": "sSKOWGQ6O4WbN1HBzmmJqr9xNZnR7xYCnK88uFOhFN8=",
            "content_base64sha512": "Th4ctE+VzQfI80meAcYB6KC42lOmZelYfSQTjtJnE7sAVXBvbEPWrawF0AncurU5aFJ2JFf0mRS+jfG8lhaLiQ==",
            "content_md5": "95e41207a01d18dc017ba031dd9a30d7",
            "content_sha1": "3746989cf847f633456b6fb7ffa93f793f2270fd",
            "content_sha256": "b1228e58643a3b859b3751c1ce6989aabf713599d1ef16029caf3cb853a114df",
            "content_sha512": "4e1e1cb44f95cd07c8f3499e01c601e8a0b8da53a665e9587d24138ed26713bb0055706f6c43d6adac05d009dcbab5396852762457f49914be8df1bc96168b89",
            "directory_permission": "0777",
            "file_permission": "0755",
            "filename": "./output/install-agent.sh",
            "id": "3746989cf847f633456b6fb7ffa93f793f2270fd",
            "sensitive_content": null,
            "source": null
          },
          "sensitive_attributes": [
            [
              {
                "type": "get_attr",
                "value": "sensitive_content"
              }
            ]
          ],
          "dependencies": [
            "module.iam.oci_identity_dynamic_group.container_instance_dg",
            "module.iam.oci_identity_dynamic_group.management_agent_dg",
            "module.iam.oci_identity_policy.container_logging_policy",
            "module.iam.oci_identity_policy.container_resource_policy",
            "module.iam.oci_identity_policy.logging_service_policy",
            "module.iam.oci_identity_policy.mgmt_agent_metrics_policy",
            "module.iam.oci_identity_policy.monitoring_policy",
            "module.management_agent.oci_management_agent_management_agent_install_key.main"
          ]
        }
      ]
    },
    {
      "module": "module.management_agent[0]",
      "mode": "managed",
      "type": "local_file",
      "name": "prometheus_config",
      "provider": "provider[\"registry.terraform.io/hashicorp/local\"]",
      "instances": [
        {
          "schema_version": 0,
          "attributes": {
            "content": "# Prometheus Configuration for OCI Management Agent\n# Auto-generated by Terraform\n\nglobal:\n  scrape_interval: 60s\n  scrape_timeout: 10s\n  evaluation_interval: 60s\n\n  external_labels:\n    environment: 'production'\n    region: 'oci'\n    metrics_namespace: 'container_monitoring'\n    container_name: 'monitoring-demo'\n    environment: 'Development'\n\nscrape_configs:\n  - job_name: 'container-monitoring-demo'\n    metrics_path: '/metrics'\n\n    static_configs:\n\n    # Relabel configurations\n    relabel_configs:\n      - source_labels: [__address__]\n        target_label: __param_target\n      - source_labels: [__param_target]\n        target_label: instance\n      - target_label: __address__\n        replacement: localhost:9090\n\n    # Metric relabeling\n    metric_relabel_configs:\n      - source_labels: [__name__]\n        regex: '(container_.*|process_.*|go_.*)'\n        action: keep\n      - source_labels: [__name__]\n        target_label: oci_namespace\n        replacement: 'container_monitoring'\n\n  # Docker container metrics (if available)\n  - job_name: 'docker'\n    metrics_path: '/metrics'\n    static_configs:\n\n    # Filter for Docker-specific metrics\n    metric_relabel_configs:\n      - source_labels: [__name__]\n        regex: '(container_.*|docker_.*)'\n        action: keep\n\n  # Node exporter metrics (system metrics)\n  - job_name: 'node'\n    metrics_path: '/metrics'\n    static_configs:\n\n    # Keep only relevant system metrics\n    metric_relabel_configs:\n      - source_labels: [__name__]\n        regex: '(node_cpu_.*|node_memory_.*|node_disk_.*|node_network_.*|node_filesystem_.*)'\n        action: keep\n",
            "content_base64": null,
            "content_base64sha256": "XfuhpwGpMTENUtcR79r1JiPw8F0YxApuOmldAbatyU0=",
            "content_base64sha512": "6qYbuCjk1GPV1kZzGwWsAmJHaKpKSG3uze2iHhqeeOT7ATCYCVV0hJakHf0v0EMLQ7rfHMlH37DODm0CDhWhfA==",
            "content_md5": "83b1f1b5fa78cc54cfc8a5c4cacaec32",
            "content_sha1": "e138ec3f14513e969c920509e1c472c5736d7c87",
            "content_sha256": "5dfba1a701a931310d52d711efdaf52623f0f05d18c40a6e3a695d01b6adc94d",
            "content_sha512": "eaa61bb828e4d463d5d646731b05ac02624768aa4a486deecdeda21e1a9e78e4fb0130980955748496a41dfd2fd0430b43badf1cc947dfb0ce0e6d020e15a17c",
            "directory_permission": "0777",
            "file_permission": "0644",
            "filename": "./output/prometheus-config.yml",
            "id": "e138ec3f14513e969c920509e1c472c5736d7c87",
            "sensitive_content": null,
            "source": null
          },
          "sensitive_attributes": [
            [
              {
                "type": "get_attr",
                "value": "sensitive_content"
              }
            ]
          ],
          "dependencies": [
            "module.iam.oci_identity_dynamic_group.container_instance_dg",
            "module.iam.oci_identity_dynamic_group.management_agent_dg",
            "module.iam.oci_identity_policy.container_logging_policy",
            "module.iam.oci_identity_policy.container_resource_policy",
            "module.iam.oci_identity_policy.logging_service_policy",
            "module.iam.oci_identity_policy.mgmt_agent_metrics_policy",
            "module.iam.oci_identity_policy.monitoring_policy"
          ]
        }
      ]
    },
    {
      "module": "module.management_agent[0]",
      "mode": "managed",
      "type": "local_file",
      "name": "service_discovery_config",
      "provider": "provider[\"registry.terraform.io/hashicorp/local\"]",
      "instances": [
        {
          "schema_version": 0,
          "attributes": {
            "content": "{\n  \"version\": \"1.0\",\n  \"type\": \"oci_container_instance\",\n  \"service_discovery\": {\n    \"container_instance\": {\n      \"ocid\": \"\",\n      \"private_ip\": \"\",\n      \"metrics_port\": 9090,\n      \"compartment_ocid\": \"ocid1.compartment.oc1..aaaaaaaagy3yddkkampnhj3cqm5ar7w2p7tuq5twbojyycvol6wugfav3ckq\"\n    },\n    \"targets\": [\n      {\n        \"target\": \":9090\",\n        \"labels\": {\n          \"job\": \"container-metrics\",\n          \"instance\": \"\",\n          \"environment\": \"production\"\n        }\n      }\n    ],\n    \"scrape_config\": {\n      \"interval\": \"60s\",\n      \"timeout\": \"10s\",\n      \"metrics_path\": \"/metrics\"\n    }\n  }\n}\n",
            "content_base64": null,
            "content_base64sha256": "Jy9EI9T2jSBniiG8IpUGMUXGDE4TQWGLvRtK42FjQ14=",
            "content_base64sha512": "gwOrqvjOmbSW3dVv4ysDvFeY38+uC5EzAifkd9Is5U150Ta38PEE9o2YOEWXMtEdn1fT3FWt8BelEcxj6dbdNQ==",
            "content_md5": "21212878e8fd429fd316ae44de0b4448",
            "content_sha1": "4e54178fab3db890e1ccb8b0e4b5b2ea8b6ec525",
            "content_sha256": "272f4423d4f68d20678a21bc2295063145c60c4e1341618bbd1b4ae36163435e",
            "content_sha512": "8303abaaf8ce99b496ddd56fe32b03bc5798dfcfae0b91330227e477d22ce54d79d136b7f0f104f68d9838459732d11d9f57d3dc55adf017a511cc63e9d6dd35",
            "directory_permission": "0777",
            "file_permission": "0644",
            "filename": "./output/service-discovery.json",
            "id": "4e54178fab3db890e1ccb8b0e4b5b2ea8b6ec525",
            "sensitive_content": null,
            "source": null
          },
          "sensitive_attributes": [
            [
              {
                "type": "get_attr",
                "value": "sensitive_content"
              }
            ]
          ],
          "dependencies": [
            "module.iam.oci_identity_dynamic_group.container_instance_dg",
            "module.iam.oci_identity_dynamic_group.management_agent_dg",
            "module.iam.oci_identity_policy.container_logging_policy",
            "module.iam.oci_identity_policy.container_resource_policy",
            "module.iam.oci_identity_policy.logging_service_policy",
            "module.iam.oci_identity_policy.mgmt_agent_metrics_policy",
            "module.iam.oci_identity_policy.monitoring_policy"
          ]
        }
      ]
    },
    {
      "module": "module.management_agent[0]",
      "mode": "managed",
      "type": "oci_management_agent_management_agent_install_key",
      "name": "main",
      "provider": "provider[\"registry.terraform.io/hashicorp/oci\"]",
      "instances": [
        {
          "schema_version": 0,
          "attributes": {
            "allowed_key_install_count": 10,
            "compartment_id": "ocid1.compartment.oc1..aaaaaaaagy3yddkkampnhj3cqm5ar7w2p7tuq5twbojyycvol6wugfav3ckq",
            "created_by_principal_id": "ocid1.user.oc1..aaaaaaaawlmnpsv76fbqs6bjdt4bmx5hpwnve3j77u6bwfk36ltdoaspbgpq",
            "current_key_install_count": 0,
            "defined_tags": {
              "CCA_Basic_Tag.email": "oracleidentitycloudservice/alexandru.birzu@oracle.com",
              "Oracle-Standard.CostCenter": "Specialists",
              "Oracle_Tags.CreatedBy": "oracleidentitycloudservice/alexandru.birzu@oracle.com",
              "Oracle_Tags.CreatedOn": "2025-11-03T16:27:14.126Z"
            },
            "display_name": "container-agent-key",
            "freeform_tags": {},
            "id": "ocid1.managementagentinstallkey.oc1.eu-frankfurt-1.amaaaaaattkvkkiaj5m46hpfrg2yiet343g3jjzo4dycglf2hlksueqp4ska",
            "is_unlimited": false,
            "key": "Mi4wLGV1LWZyYW5rZnVydC0xLG9jaWQxLnRlbmFuY3kub2MxLi5hYWFhYWFhYXh6cHhiY2FnN3pnYW1oMmVybGdncXJvM3k2M3R2bTJyYmtrano0ejJ6c2t2YWd1cGl6N2Esb2NpZDEubWFuYWdlbWVudGFnZW50aW5zdGFsbGtleS5vYzEuZXUtZnJhbmtmdXJ0LTEuYW1hYWFhYWF0dGt2a2tpYWo1bTQ2aHBmcmcyeWlldDM0M2czamp6bzRkeWNnbGYyaGxrc3VlcXA0c2thLElsT2EzMUM5dUJ6VjdJWWdrNEE0UkhfVTRTZTJiZmdHRm1hSktWS0Q=",
            "lifecycle_details": null,
            "state": "ACTIVE",
            "system_tags": {},
            "time_created": "2025-11-03 16:27:14.212 +0000 UTC",
            "time_expires": "2026-11-03T16:27:14Z",
            "time_updated": "2025-11-03 16:27:14.212 +0000 UTC",
            "timeouts": null
          },
          "sensitive_attributes": [],
          "private": "eyJlMmJmYjczMC1lY2FhLTExZTYtOGY4OC0zNDM2M2JjN2M0YzAiOnsiY3JlYXRlIjoxMjAwMDAwMDAwMDAwLCJkZWxldGUiOjEyMDAwMDAwMDAwMDAsInVwZGF0ZSI6MTIwMDAwMDAwMDAwMH19",
          "dependencies": [
            "module.iam.oci_identity_dynamic_group.container_instance_dg",
            "module.iam.oci_identity_dynamic_group.management_agent_dg",
            "module.iam.oci_identity_policy.container_logging_policy",
            "module.iam.oci_identity_policy.container_resource_policy",
            "module.iam.oci_identity_policy.logging_service_policy",
            "module.iam.oci_identity_policy.mgmt_agent_metrics_policy",
            "module.iam.oci_identity_policy.monitoring_policy"
          ]
        }
      ]
    },
    {
      "module": "module.nsg",
      "mode": "managed",
      "type": "oci_core_network_security_group",
      "name": "container_nsg",
      "provider": "provider[\"registry.terraform.io/hashicorp/oci\"]",
      "instances": [
        {
          "index_key": 0,
          "schema_version": 0,
          "attributes": {
            "compartment_id": "ocid1.compartment.oc1..aaaaaaaagy3yddkkampnhj3cqm5ar7w2p7tuq5twbojyycvol6wugfav3ckq",
            "defined_tags": {},
            "display_name": "monitoring-demo-container-nsg",
            "freeform_tags": {
              "Environment": "Development",
              "ManagedBy": "Terraform",
              "Project": "OCI-Container-Monitoring",
              "Terraform": "true"
            },
            "id": "ocid1.networksecuritygroup.oc1.eu-frankfurt-1.aaaaaaaaj3vsxzjv7yvtknjlcbamz4div7gmpmqajcgomv3a4xsfickiolqa",
            "state": "AVAILABLE",
            "time_created": "2025-10-29 06:40:23.75 +0000 UTC",
            "timeouts": null,
            "vcn_id": "ocid1.vcn.oc1.eu-frankfurt-1.amaaaaaattkvkkiaj55a4eqe4bohzkiq6rz64ixsa5a5hyjzncmzcdvhex5q"
          },
          "sensitive_attributes": [],
          "private": "eyJlMmJmYjczMC1lY2FhLTExZTYtOGY4OC0zNDM2M2JjN2M0YzAiOnsiY3JlYXRlIjoxMjAwMDAwMDAwMDAwLCJkZWxldGUiOjEyMDAwMDAwMDAwMDAsInVwZGF0ZSI6MTIwMDAwMDAwMDAwMH19",
          "dependencies": [
            "module.iam.oci_identity_dynamic_group.container_instance_dg",
            "module.iam.oci_identity_dynamic_group.management_agent_dg",
            "module.iam.oci_identity_policy.container_logging_policy",
            "module.iam.oci_identity_policy.container_resource_policy",
            "module.iam.oci_identity_policy.logging_service_policy",
            "module.iam.oci_identity_policy.mgmt_agent_metrics_policy",
            "module.iam.oci_identity_policy.monitoring_policy"
          ]
        }
      ]
    },
    {
      "module": "module.nsg",
      "mode": "managed",
      "type": "oci_core_network_security_group",
      "name": "monitoring_vm_nsg",
      "provider": "provider[\"registry.terraform.io/hashicorp/oci\"]",
      "instances": []
    },
    {
      "module": "module.nsg",
      "mode": "managed",
      "type": "oci_core_network_security_group_security_rule",
      "name": "container_egress",
      "provider": "provider[\"registry.terraform.io/hashicorp/oci\"]",
      "instances": [
        {
          "index_key": 0,
          "schema_version": 0,
          "attributes": {
            "description": "Allow all outbound traffic",
            "destination": "0.0.0.0/0",
            "destination_type": "CIDR_BLOCK",
            "direction": "EGRESS",
            "icmp_options": [],
            "id": "DA36F3",
            "is_valid": true,
            "network_security_group_id": "ocid1.networksecuritygroup.oc1.eu-frankfurt-1.aaaaaaaaj3vsxzjv7yvtknjlcbamz4div7gmpmqajcgomv3a4xsfickiolqa",
            "protocol": "all",
            "source": null,
            "source_type": "",
            "stateless": false,
            "tcp_options": [],
            "time_created": "2025-10-29 06:40:24.378 +0000 UTC",
            "timeouts": null,
            "udp_options": []
          },
          "sensitive_attributes": [],
          "private": "eyJlMmJmYjczMC1lY2FhLTExZTYtOGY4OC0zNDM2M2JjN2M0YzAiOnsiY3JlYXRlIjoxMjAwMDAwMDAwMDAwLCJkZWxldGUiOjEyMDAwMDAwMDAwMDAsInVwZGF0ZSI6MTIwMDAwMDAwMDAwMH19",
          "dependencies": [
            "module.iam.oci_identity_dynamic_group.container_instance_dg",
            "module.iam.oci_identity_dynamic_group.management_agent_dg",
            "module.iam.oci_identity_policy.container_logging_policy",
            "module.iam.oci_identity_policy.container_resource_policy",
            "module.iam.oci_identity_policy.logging_service_policy",
            "module.iam.oci_identity_policy.mgmt_agent_metrics_policy",
            "module.iam.oci_identity_policy.monitoring_policy",
            "module.nsg.oci_core_network_security_group.container_nsg"
          ]
        }
      ]
    },
    {
      "module": "module.nsg",
      "mode": "managed",
      "type": "oci_core_network_security_group_security_rule",
      "name": "container_ingress",
      "provider": "provider[\"registry.terraform.io/hashicorp/oci\"]",
      "instances": [
        {
          "index_key": 0,
          "schema_version": 0,
          "attributes": {
            "description": "HTTP access from allowed IPs",
            "destination": null,
            "destination_type": "",
            "direction": "INGRESS",
            "icmp_options": [],
            "id": "3D54AB",
            "is_valid": true,
            "network_security_group_id": "ocid1.networksecuritygroup.oc1.eu-frankfurt-1.aaaaaaaaj3vsxzjv7yvtknjlcbamz4div7gmpmqajcgomv3a4xsfickiolqa",
            "protocol": "6",
            "source": "82.77.116.29/32",
            "source_type": "CIDR_BLOCK",
            "stateless": false,
            "tcp_options": [
              {
                "destination_port_range": [
                  {
                    "max": 80,
                    "min": 80
                  }
                ],
                "source_port_range": []
              }
            ],
            "time_created": "2025-10-29 06:40:24.154 +0000 UTC",
            "timeouts": null,
            "udp_options": []
          },
          "sensitive_attributes": [],
          "private": "eyJlMmJmYjczMC1lY2FhLTExZTYtOGY4OC0zNDM2M2JjN2M0YzAiOnsiY3JlYXRlIjoxMjAwMDAwMDAwMDAwLCJkZWxldGUiOjEyMDAwMDAwMDAwMDAsInVwZGF0ZSI6MTIwMDAwMDAwMDAwMH19",
          "dependencies": [
            "data.http.my_ip",
            "module.iam.oci_identity_dynamic_group.container_instance_dg",
            "module.iam.oci_identity_dynamic_group.management_agent_dg",
            "module.iam.oci_identity_policy.container_logging_policy",
            "module.iam.oci_identity_policy.container_resource_policy",
            "module.iam.oci_identity_policy.logging_service_policy",
            "module.iam.oci_identity_policy.mgmt_agent_metrics_policy",
            "module.iam.oci_identity_policy.monitoring_policy",
            "module.nsg.oci_core_network_security_group.container_nsg"
          ]
        },
        {
          "index_key": 1,
          "schema_version": 0,
          "attributes": {
            "description": "HTTPS access from allowed IPs",
            "destination": null,
            "destination_type": "",
            "direction": "INGRESS",
            "icmp_options": [],
            "id": "819D76",
            "is_valid": true,
            "network_security_group_id": "ocid1.networksecuritygroup.oc1.eu-frankfurt-1.aaaaaaaaj3vsxzjv7yvtknjlcbamz4div7gmpmqajcgomv3a4xsfickiolqa",
            "protocol": "6",
            "source": "82.77.116.29/32",
            "source_type": "CIDR_BLOCK",
            "stateless": false,
            "tcp_options": [
              {
                "destination_port_range": [
                  {
                    "max": 443,
                    "min": 443
                  }
                ],
                "source_port_range": []
              }
            ],
            "time_created": "2025-10-29 06:40:24.483 +0000 UTC",
            "timeouts": null,
            "udp_options": []
          },
          "sensitive_attributes": [],
          "private": "eyJlMmJmYjczMC1lY2FhLTExZTYtOGY4OC0zNDM2M2JjN2M0YzAiOnsiY3JlYXRlIjoxMjAwMDAwMDAwMDAwLCJkZWxldGUiOjEyMDAwMDAwMDAwMDAsInVwZGF0ZSI6MTIwMDAwMDAwMDAwMH19",
          "dependencies": [
            "data.http.my_ip",
            "module.iam.oci_identity_dynamic_group.container_instance_dg",
            "module.iam.oci_identity_dynamic_group.management_agent_dg",
            "module.iam.oci_identity_policy.container_logging_policy",
            "module.iam.oci_identity_policy.container_resource_policy",
            "module.iam.oci_identity_policy.logging_service_policy",
            "module.iam.oci_identity_policy.mgmt_agent_metrics_policy",
            "module.iam.oci_identity_policy.monitoring_policy",
            "module.nsg.oci_core_network_security_group.container_nsg"
          ]
        },
        {
          "index_key": 2,
          "schema_version": 0,
          "attributes": {
            "description": "cAdvisor metrics from allowed IPs",
            "destination": null,
            "destination_type": "",
            "direction": "INGRESS",
            "icmp_options": [],
            "id": "8EFA48",
            "is_valid": true,
            "network_security_group_id": "ocid1.networksecuritygroup.oc1.eu-frankfurt-1.aaaaaaaaj3vsxzjv7yvtknjlcbamz4div7gmpmqajcgomv3a4xsfickiolqa",
            "protocol": "6",
            "source": "82.77.116.29/32",
            "source_type": "CIDR_BLOCK",
            "stateless": false,
            "tcp_options": [
              {
                "destination_port_range": [
                  {
                    "max": 8080,
                    "min": 8080
                  }
                ],
                "source_port_range": []
              }
            ],
            "time_created": "2025-10-29 06:40:25.17 +0000 UTC",
            "timeouts": null,
            "udp_options": []
          },
          "sensitive_attributes": [],
          "private": "eyJlMmJmYjczMC1lY2FhLTExZTYtOGY4OC0zNDM2M2JjN2M0YzAiOnsiY3JlYXRlIjoxMjAwMDAwMDAwMDAwLCJkZWxldGUiOjEyMDAwMDAwMDAwMDAsInVwZGF0ZSI6MTIwMDAwMDAwMDAwMH19",
          "dependencies": [
            "data.http.my_ip",
            "module.iam.oci_identity_dynamic_group.container_instance_dg",
            "module.iam.oci_identity_dynamic_group.management_agent_dg",
            "module.iam.oci_identity_policy.container_logging_policy",
            "module.iam.oci_identity_policy.container_resource_policy",
            "module.iam.oci_identity_policy.logging_service_policy",
            "module.iam.oci_identity_policy.mgmt_agent_metrics_policy",
            "module.iam.oci_identity_policy.monitoring_policy",
            "module.nsg.oci_core_network_security_group.container_nsg"
          ]
        },
        {
          "index_key": 3,
          "schema_version": 0,
          "attributes": {
            "description": "Node Exporter metrics from allowed IPs",
            "destination": null,
            "destination_type": "",
            "direction": "INGRESS",
            "icmp_options": [],
            "id": "547113",
            "is_valid": true,
            "network_security_group_id": "ocid1.networksecuritygroup.oc1.eu-frankfurt-1.aaaaaaaaj3vsxzjv7yvtknjlcbamz4div7gmpmqajcgomv3a4xsfickiolqa",
            "protocol": "6",
            "source": "82.77.116.29/32",
            "source_type": "CIDR_BLOCK",
            "stateless": false,
            "tcp_options": [
              {
                "destination_port_range": [
                  {
                    "max": 9100,
                    "min": 9100
                  }
                ],
                "source_port_range": []
              }
            ],
            "time_created": "2025-10-29 06:40:24.569 +0000 UTC",
            "timeouts": null,
            "udp_options": []
          },
          "sensitive_attributes": [],
          "private": "eyJlMmJmYjczMC1lY2FhLTExZTYtOGY4OC0zNDM2M2JjN2M0YzAiOnsiY3JlYXRlIjoxMjAwMDAwMDAwMDAwLCJkZWxldGUiOjEyMDAwMDAwMDAwMDAsInVwZGF0ZSI6MTIwMDAwMDAwMDAwMH19",
          "dependencies": [
            "data.http.my_ip",
            "module.iam.oci_identity_dynamic_group.container_instance_dg",
            "module.iam.oci_identity_dynamic_group.management_agent_dg",
            "module.iam.oci_identity_policy.container_logging_policy",
            "module.iam.oci_identity_policy.container_resource_policy",
            "module.iam.oci_identity_policy.logging_service_policy",
            "module.iam.oci_identity_policy.mgmt_agent_metrics_policy",
            "module.iam.oci_identity_policy.monitoring_policy",
            "module.nsg.oci_core_network_security_group.container_nsg"
          ]
        },
        {
          "index_key": 4,
          "schema_version": 0,
          "attributes": {
            "description": "Prometheus metrics from allowed IPs",
            "destination": null,
            "destination_type": "",
            "direction": "INGRESS",
            "icmp_options": [],
            "id": "DFD9B9",
            "is_valid": true,
            "network_security_group_id": "ocid1.networksecuritygroup.oc1.eu-frankfurt-1.aaaaaaaaj3vsxzjv7yvtknjlcbamz4div7gmpmqajcgomv3a4xsfickiolqa",
            "protocol": "6",
            "source": "82.77.116.29/32",
            "source_type": "CIDR_BLOCK",
            "stateless": false,
            "tcp_options": [
              {
                "destination_port_range": [
                  {
                    "max": 9090,
                    "min": 9090
                  }
                ],
                "source_port_range": []
              }
            ],
            "time_created": "2025-10-29 06:40:24.854 +0000 UTC",
            "timeouts": null,
            "udp_options": []
          },
          "sensitive_attributes": [],
          "private": "eyJlMmJmYjczMC1lY2FhLTExZTYtOGY4OC0zNDM2M2JjN2M0YzAiOnsiY3JlYXRlIjoxMjAwMDAwMDAwMDAwLCJkZWxldGUiOjEyMDAwMDAwMDAwMDAsInVwZGF0ZSI6MTIwMDAwMDAwMDAwMH19",
          "dependencies": [
            "data.http.my_ip",
            "module.iam.oci_identity_dynamic_group.container_instance_dg",
            "module.iam.oci_identity_dynamic_group.management_agent_dg",
            "module.iam.oci_identity_policy.container_logging_policy",
            "module.iam.oci_identity_policy.container_resource_policy",
            "module.iam.oci_identity_policy.logging_service_policy",
            "module.iam.oci_identity_policy.mgmt_agent_metrics_policy",
            "module.iam.oci_identity_policy.monitoring_policy",
            "module.nsg.oci_core_network_security_group.container_nsg"
          ]
        },
        {
          "index_key": 5,
          "schema_version": 0,
          "attributes": {
            "description": "Grafana web interface from allowed IPs",
            "destination": null,
            "destination_type": "",
            "direction": "INGRESS",
            "icmp_options": [],
            "id": "EBFC81",
            "is_valid": true,
            "network_security_group_id": "ocid1.networksecuritygroup.oc1.eu-frankfurt-1.aaaaaaaaj3vsxzjv7yvtknjlcbamz4div7gmpmqajcgomv3a4xsfickiolqa",
            "protocol": "6",
            "source": "82.77.116.29/32",
            "source_type": "CIDR_BLOCK",
            "stateless": false,
            "tcp_options": [
              {
                "destination_port_range": [
                  {
                    "max": 3000,
                    "min": 3000
                  }
                ],
                "source_port_range": []
              }
            ],
            "time_created": "2025-10-29 06:40:24.956 +0000 UTC",
            "timeouts": null,
            "udp_options": []
          },
          "sensitive_attributes": [],
          "private": "eyJlMmJmYjczMC1lY2FhLTExZTYtOGY4OC0zNDM2M2JjN2M0YzAiOnsiY3JlYXRlIjoxMjAwMDAwMDAwMDAwLCJkZWxldGUiOjEyMDAwMDAwMDAwMDAsInVwZGF0ZSI6MTIwMDAwMDAwMDAwMH19",
          "dependencies": [
            "data.http.my_ip",
            "module.iam.oci_identity_dynamic_group.container_instance_dg",
            "module.iam.oci_identity_dynamic_group.management_agent_dg",
            "module.iam.oci_identity_policy.container_logging_policy",
            "module.iam.oci_identity_policy.container_resource_policy",
            "module.iam.oci_identity_policy.logging_service_policy",
            "module.iam.oci_identity_policy.mgmt_agent_metrics_policy",
            "module.iam.oci_identity_policy.monitoring_policy",
            "module.nsg.oci_core_network_security_group.container_nsg"
          ]
        },
        {
          "index_key": 6,
          "schema_version": 0,
          "attributes": {
            "description": "Nginx Exporter metrics from allowed IPs",
            "destination": null,
            "destination_type": "",
            "direction": "INGRESS",
            "icmp_options": [],
            "id": "AA118A",
            "is_valid": true,
            "network_security_group_id": "ocid1.networksecuritygroup.oc1.eu-frankfurt-1.aaaaaaaaj3vsxzjv7yvtknjlcbamz4div7gmpmqajcgomv3a4xsfickiolqa",
            "protocol": "6",
            "source": "82.77.116.29/32",
            "source_type": "CIDR_BLOCK",
            "stateless": false,
            "tcp_options": [
              {
                "destination_port_range": [
                  {
                    "max": 9113,
                    "min": 9113
                  }
                ],
                "source_port_range": []
              }
            ],
            "time_created": "2025-10-29 06:40:25.484 +0000 UTC",
            "timeouts": null,
            "udp_options": []
          },
          "sensitive_attributes": [],
          "private": "eyJlMmJmYjczMC1lY2FhLTExZTYtOGY4OC0zNDM2M2JjN2M0YzAiOnsiY3JlYXRlIjoxMjAwMDAwMDAwMDAwLCJkZWxldGUiOjEyMDAwMDAwMDAwMDAsInVwZGF0ZSI6MTIwMDAwMDAwMDAwMH19",
          "dependencies": [
            "data.http.my_ip",
            "module.iam.oci_identity_dynamic_group.container_instance_dg",
            "module.iam.oci_identity_dynamic_group.management_agent_dg",
            "module.iam.oci_identity_policy.container_logging_policy",
            "module.iam.oci_identity_policy.container_resource_policy",
            "module.iam.oci_identity_policy.logging_service_policy",
            "module.iam.oci_identity_policy.mgmt_agent_metrics_policy",
            "module.iam.oci_identity_policy.monitoring_policy",
            "module.nsg.oci_core_network_security_group.container_nsg"
          ]
        },
        {
          "index_key": 7,
          "schema_version": 0,
          "attributes": {
            "description": "Blackbox Exporter metrics from allowed IPs",
            "destination": null,
            "destination_type": "",
            "direction": "INGRESS",
            "icmp_options": [],
            "id": "2F052E",
            "is_valid": true,
            "network_security_group_id": "ocid1.networksecuritygroup.oc1.eu-frankfurt-1.aaaaaaaaj3vsxzjv7yvtknjlcbamz4div7gmpmqajcgomv3a4xsfickiolqa",
            "protocol": "6",
            "source": "82.77.116.29/32",
            "source_type": "CIDR_BLOCK",
            "stateless": false,
            "tcp_options": [
              {
                "destination_port_range": [
                  {
                    "max": 9115,
                    "min": 9115
                  }
                ],
                "source_port_range": []
              }
            ],
            "time_created": "2025-10-29 06:40:24.278 +0000 UTC",
            "timeouts": null,
            "udp_options": []
          },
          "sensitive_attributes": [],
          "private": "eyJlMmJmYjczMC1lY2FhLTExZTYtOGY4OC0zNDM2M2JjN2M0YzAiOnsiY3JlYXRlIjoxMjAwMDAwMDAwMDAwLCJkZWxldGUiOjEyMDAwMDAwMDAwMDAsInVwZGF0ZSI6MTIwMDAwMDAwMDAwMH19",
          "dependencies": [
            "data.http.my_ip",
            "module.iam.oci_identity_dynamic_group.container_instance_dg",
            "module.iam.oci_identity_dynamic_group.management_agent_dg",
            "module.iam.oci_identity_policy.container_logging_policy",
            "module.iam.oci_identity_policy.container_resource_policy",
            "module.iam.oci_identity_policy.logging_service_policy",
            "module.iam.oci_identity_policy.mgmt_agent_metrics_policy",
            "module.iam.oci_identity_policy.monitoring_policy",
            "module.nsg.oci_core_network_security_group.container_nsg"
          ]
        },
        {
          "index_key": 8,
          "schema_version": 0,
          "attributes": {
            "description": "MySQL Exporter metrics from allowed IPs",
            "destination": null,
            "destination_type": "",
            "direction": "INGRESS",
            "icmp_options": [],
            "id": "1D225D",
            "is_valid": true,
            "network_security_group_id": "ocid1.networksecuritygroup.oc1.eu-frankfurt-1.aaaaaaaaj3vsxzjv7yvtknjlcbamz4div7gmpmqajcgomv3a4xsfickiolqa",
            "protocol": "6",
            "source": "82.77.116.29/32",
            "source_type": "CIDR_BLOCK",
            "stateless": false,
            "tcp_options": [
              {
                "destination_port_range": [
                  {
                    "max": 9104,
                    "min": 9104
                  }
                ],
                "source_port_range": []
              }
            ],
            "time_created": "2025-10-29 06:40:26.831 +0000 UTC",
            "timeouts": null,
            "udp_options": []
          },
          "sensitive_attributes": [],
          "private": "eyJlMmJmYjczMC1lY2FhLTExZTYtOGY4OC0zNDM2M2JjN2M0YzAiOnsiY3JlYXRlIjoxMjAwMDAwMDAwMDAwLCJkZWxldGUiOjEyMDAwMDAwMDAwMDAsInVwZGF0ZSI6MTIwMDAwMDAwMDAwMH19",
          "dependencies": [
            "data.http.my_ip",
            "module.iam.oci_identity_dynamic_group.container_instance_dg",
            "module.iam.oci_identity_dynamic_group.management_agent_dg",
            "module.iam.oci_identity_policy.container_logging_policy",
            "module.iam.oci_identity_policy.container_resource_policy",
            "module.iam.oci_identity_policy.logging_service_policy",
            "module.iam.oci_identity_policy.mgmt_agent_metrics_policy",
            "module.iam.oci_identity_policy.monitoring_policy",
            "module.nsg.oci_core_network_security_group.container_nsg"
          ]
        },
        {
          "index_key": 9,
          "schema_version": 0,
          "attributes": {
            "description": "Redis Exporter metrics from allowed IPs",
            "destination": null,
            "destination_type": "",
            "direction": "INGRESS",
            "icmp_options": [],
            "id": "03A787",
            "is_valid": true,
            "network_security_group_id": "ocid1.networksecuritygroup.oc1.eu-frankfurt-1.aaaaaaaaj3vsxzjv7yvtknjlcbamz4div7gmpmqajcgomv3a4xsfickiolqa",
            "protocol": "6",
            "source": "82.77.116.29/32",
            "source_type": "CIDR_BLOCK",
            "stateless": false,
            "tcp_options": [
              {
                "destination_port_range": [
                  {
                    "max": 9121,
                    "min": 9121
                  }
                ],
                "source_port_range": []
              }
            ],
            "time_created": "2025-10-29 06:40:24.636 +0000 UTC",
            "timeouts": null,
            "udp_options": []
          },
          "sensitive_attributes": [],
          "private": "eyJlMmJmYjczMC1lY2FhLTExZTYtOGY4OC0zNDM2M2JjN2M0YzAiOnsiY3JlYXRlIjoxMjAwMDAwMDAwMDAwLCJkZWxldGUiOjEyMDAwMDAwMDAwMDAsInVwZGF0ZSI6MTIwMDAwMDAwMDAwMH19",
          "dependencies": [
            "data.http.my_ip",
            "module.iam.oci_identity_dynamic_group.container_instance_dg",
            "module.iam.oci_identity_dynamic_group.management_agent_dg",
            "module.iam.oci_identity_policy.container_logging_policy",
            "module.iam.oci_identity_policy.container_resource_policy",
            "module.iam.oci_identity_policy.logging_service_policy",
            "module.iam.oci_identity_policy.mgmt_agent_metrics_policy",
            "module.iam.oci_identity_policy.monitoring_policy",
            "module.nsg.oci_core_network_security_group.container_nsg"
          ]
        },
        {
          "index_key": 10,
          "schema_version": 0,
          "attributes": {
            "description": "PostgreSQL Exporter metrics from allowed IPs",
            "destination": null,
            "destination_type": "",
            "direction": "INGRESS",
            "icmp_options": [],
            "id": "03A787",
            "is_valid": true,
            "network_security_group_id": "ocid1.networksecuritygroup.oc1.eu-frankfurt-1.aaaaaaaaj3vsxzjv7yvtknjlcbamz4div7gmpmqajcgomv3a4xsfickiolqa",
            "protocol": "6",
            "source": "82.77.116.29/32",
            "source_type": "CIDR_BLOCK",
            "stateless": false,
            "tcp_options": [
              {
                "destination_port_range": [
                  {
                    "max": 9187,
                    "min": 9187
                  }
                ],
                "source_port_range": []
              }
            ],
            "time_created": "2025-10-29 06:40:24.636 +0000 UTC",
            "timeouts": null,
            "udp_options": []
          },
          "sensitive_attributes": [],
          "private": "eyJlMmJmYjczMC1lY2FhLTExZTYtOGY4OC0zNDM2M2JjN2M0YzAiOnsiY3JlYXRlIjoxMjAwMDAwMDAwMDAwLCJkZWxldGUiOjEyMDAwMDAwMDAwMDAsInVwZGF0ZSI6MTIwMDAwMDAwMDAwMH19",
          "dependencies": [
            "data.http.my_ip",
            "module.iam.oci_identity_dynamic_group.container_instance_dg",
            "module.iam.oci_identity_dynamic_group.management_agent_dg",
            "module.iam.oci_identity_policy.container_logging_policy",
            "module.iam.oci_identity_policy.container_resource_policy",
            "module.iam.oci_identity_policy.logging_service_policy",
            "module.iam.oci_identity_policy.mgmt_agent_metrics_policy",
            "module.iam.oci_identity_policy.monitoring_policy",
            "module.nsg.oci_core_network_security_group.container_nsg"
          ]
        }
      ]
    }
  ],
  "check_results": [
    {
      "object_kind": "var",
      "config_addr": "module.container_instance.var.container_ocpus",
      "status": "pass",
      "objects": [
        {
          "object_addr": "module.container_instance.var.container_ocpus",
          "status": "pass"
        }
      ]
    },
    {
      "object_kind": "var",
      "config_addr": "module.container_instance.var.availability_domain",
      "status": "pass",
      "objects": [
        {
          "object_addr": "module.container_instance.var.availability_domain",
          "status": "pass"
        }
      ]
    },
    {
      "object_kind": "var",
      "config_addr": "module.container_instance.var.container_memory_gb",
      "status": "pass",
      "objects": [
        {
          "object_addr": "module.container_instance.var.container_memory_gb",
          "status": "pass"
        }
      ]
    },
    {
      "object_kind": "var",
      "config_addr": "module.container_instance.var.container_restart_policy",
      "status": "pass",
      "objects": [
        {
          "object_addr": "module.container_instance.var.container_restart_policy",
          "status": "pass"
        }
      ]
    },
    {
      "object_kind": "var",
      "config_addr": "module.container_instance.var.container_shape",
      "status": "pass",
      "objects": [
        {
          "object_addr": "module.container_instance.var.container_shape",
          "status": "pass"
        }
      ]
    },
    {
      "object_kind": "var",
      "config_addr": "module.logging.var.log_retention_days",
      "status": "pass",
      "objects": [
        {
          "object_addr": "module.logging[0].var.log_retention_days",
          "status": "pass"
        }
      ]
    }
  ]
}
